lockfileVersion: 5.4

specifiers:
  express: 4.4.5
  lodash: 4.17.19

dependencies:
  express: 4.4.5
  lodash: 4.17.19

packages:

  /accepts/1.0.7:
    resolution: {integrity: sha512-iq8ew2zitUlNcUca0wye3fYwQ6sSPItDo38oC0R+XA5KTzeXRN+GF7NjOXs3dVItj4J+gQVdpq4/qbnMb1hMHw==}
    engines: {node: '>= 0.8.0'}
    dependencies:
      mime-types: 1.0.2
      negotiator: 0.4.7
    dev: false

  /buffer-crc32/0.2.3:
    resolution: {integrity: sha512-HLvoSqq1z8fJEcT1lUlJZ4OJaXJZ1wsWm0+fBxkz9Bdf/WphA4Da7FtGUguNNyEXL4WB0hNMTaWmdFRFPy8YOQ==}
    dev: false

  /cookie-signature/1.0.4:
    resolution: {integrity: sha512-k+lrG38ZC/S7zN6l1/HcF6xF4jMwkIUjnr5afDU7tzFxIfDmKzdqJdXo8HNYaXOuBJ3tPKxSiwCOTA0b3qQfaA==}
    dev: false

  /cookie/0.1.2:
    resolution: {integrity: sha512-+mHmWbhevLwkiBf7QcbZXHr0v4ZQQ/OgHk3fsQHrsMMiGzuvAmU/YMUR+ZfrO/BLAGIWFfx2Z7Oyso0tZR/wiA==}
    dev: false

  /debug/1.0.2:
    resolution: {integrity: sha512-T9bufXIzQvCa4VrTIpLvvwdLhH+wuBtvIJJA3xgzVcaVETGmTIWMfEXQEd1K4p8BaRmQJPn6MPut38H7YQ+iIA==}
    peerDependencies:
      supports-color: '*'
    peerDependenciesMeta:
      supports-color:
        optional: true
    dependencies:
      ms: 0.6.2
    dev: false

  /ee-first/1.0.3:
    resolution: {integrity: sha512-1q/3kz+ZwmrrWpJcCCrBZ3JnBzB1BMA5EVW9nxnIP1LxDZ16Cqs9VdolqLWlExet1vU+bar3WSkAa4/YrA9bIw==}
    dev: false

  /escape-html/1.0.1:
    resolution: {integrity: sha512-z6kAnok8fqVTra7Yu77dZF2Y6ETJlxH58wN38wNyuNQLm8xXdKnfNrlSmfXsTePWP03rRVUKHubtUwanwUi7+g==}
    dev: false

  /express/4.4.5:
    resolution: {integrity: sha512-oUXJpgoP1Exol+xM8OznQKUMx09HXr0QL5IhGvAO9+7/Bv7SZdT2Wdb9zQnOpLF1Op9dEMHmG3MntakgSF4XFA==}
    engines: {node: '>= 0.10.0'}
    dependencies:
      accepts: 1.0.7
      buffer-crc32: 0.2.3
      cookie: 0.1.2
      cookie-signature: 1.0.4
      debug: 1.0.2
      escape-html: 1.0.1
      fresh: 0.2.2
      merge-descriptors: 0.0.2
      methods: 1.0.1
      parseurl: 1.0.1
      path-to-regexp: 0.1.2
      proxy-addr: 1.0.1
      qs: 0.6.6
      range-parser: 1.0.0
      send: 0.4.3
      serve-static: 1.2.3
      type-is: 1.2.1
      utils-merge: 1.0.0
      vary: 0.1.0
    transitivePeerDependencies:
      - supports-color
    dev: false

  /finished/1.2.2:
    resolution: {integrity: sha512-HPJ8x7Gn1pmTS1zWyMoXmQ1yxHkYHRoFsBI66ONq4PS9iWBJy1iHYXOSqMWNp3ksMXfrBpenkSwBhl9WG4zr4Q==}
    dependencies:
      ee-first: 1.0.3
    dev: false

  /fresh/0.2.2:
    resolution: {integrity: sha512-ZGGi8GROK//ijm2gB33sUuN9TjN1tC/dvG4Bt4j6IWrVGpMmudUBCxx+Ir7qePsdREfkpQC4FL8W0jeSOsgv1w==}
    dev: false

  /ipaddr.js/0.1.2:
    resolution: {integrity: sha512-MGrEjHz4Hk5UVpJXZQ2tHB+bp6xgdRKCAEWdrgFsoAmXCgKAPtj8LqMxgvlWEAj9aN+PpTcvE051uZU3K3kLSQ==}
    engines: {node: '>= 0.2.5'}
    dev: false

  /lodash/4.17.19:
    resolution: {integrity: sha512-JNvd8XER9GQX0v2qJgsaN/mzFCNA5BRe/j8JN9d+tWyGLSodKQHKFicdwNYzWwI3wjRnaKPsGj1XkBjx/F96DQ==}
    dev: false

  /merge-descriptors/0.0.2:
    resolution: {integrity: sha512-dYBT4Ep+t/qnPeJcnMymmhTdd4g8/hn48ciaDqLAkfRf8abzLPS6Rb6EBdz5CZCL8tzZuI5ps9MhGQGxk+EuKg==}
    dev: false

  /methods/1.0.1:
    resolution: {integrity: sha512-2403MfnVypWSNIEpmQ26/ObZ5kSUx37E8NHRvriw0+I8Sne7k0HGuLGCk0OrCqURh4UIygD0cSsYq+Ll+kzNqA==}
    dev: false

  /mime-types/1.0.0:
    resolution: {integrity: sha512-aP3BmIq4ZAPJt6KywU5HbiG0UwCTHZA2JWHO9aLaxyr8OhPOiK4RPSZcS6TDS7zNzGDC3AACnq/XTuEsd/M1Kg==}
    dev: false

  /mime-types/1.0.2:
    resolution: {integrity: sha512-echfutj/t5SoTL4WZpqjA1DCud1XO0WQF3/GJ48YBmc4ZMhCK77QA6Z/w6VTQERLKuJ4drze3kw2TUT8xZXVNw==}
    engines: {node: '>= 0.8.0'}
    dev: false

  /mime/1.2.11:
    resolution: {integrity: sha512-Ysa2F/nqTNGHhhm9MV8ure4+Hc+Y8AWiqUdHxsO7xu8zc92ND9f3kpALHjaP026Ft17UfxrMt95c50PLUeynBw==}
    dev: false

  /ms/0.6.2:
    resolution: {integrity: sha512-/pc3eh7TWorTtbvXg8je4GvrvEqCfH7PA3P7iW01yL2E53FKixzgMBaQi0NOPbMJqY34cBSvR0tZtmlTkdUG4A==}
    dev: false

  /negotiator/0.4.7:
    resolution: {integrity: sha512-ujxWwyRfZ6udAgHGECQC3JDO9e6UAsuItfUMcqA0Xf2OLNQTveFVFx+fHGIJ5p0MJaJrZyGQqPwzuN0NxJzEKA==}
    dev: false

  /parseurl/1.0.1:
    resolution: {integrity: sha512-6W9+0+9Ihayqwjgp4OaLLqZ3KDtqPY2PtUPz8YNiy4PamjJv+7x6J9GO93O9rUZOLgaanTPxsKTasxqKkO1iSw==}
    dev: false

  /path-to-regexp/0.1.2:
    resolution: {integrity: sha512-BZU7Qr+qKkXJX9UBypMNikdZ85cQSjtfMhUykJFLJn4SNF0jhEbb9nMRpnNdA76ESryY8JpMA4k6XKdz3JS1pw==}
    dev: false

  /proxy-addr/1.0.1:
    resolution: {integrity: sha512-rIUGzBlSfkJMWWCgsd4N5wvVSNAcJZg//UwPZumDIbScHRUzuSOjBmIdyICiKkB9yArv+er9qC6RA/NL3AWc6A==}
    engines: {node: '>= 0.8.0'}
    dependencies:
      ipaddr.js: 0.1.2
    dev: false

  /qs/0.6.6:
    resolution: {integrity: sha512-kN+yNdAf29Jgp+AYHUmC7X4QdJPR8czuMWLNLc0aRxkQ7tB3vJQEONKKT9ou/rW7EbqVec11srC9q9BiVbcnHA==}
    dev: false

  /range-parser/1.0.0:
    resolution: {integrity: sha512-wOH5LIH2ZHo0P7/bwkR+aNbJ+kv3CHVX4B8qs9GqbtY29fi1bGPV5xczrutN20G+Z4XhRqRMTW3q0S4iyJJPfw==}
    dev: false

  /send/0.4.3:
    resolution: {integrity: sha512-Tl3/iKtlp1WM0hDyackntOVwx5kc8GET/zgEj9AOYRX5ideM/33FeRYk4L19IqioGxCkxHSyq1PThVs6PVvk+w==}
    engines: {node: '>= 0.8.0'}
    dependencies:
      debug: 1.0.2
      escape-html: 1.0.1
      finished: 1.2.2
      fresh: 0.2.2
      mime: 1.2.11
      range-parser: 1.0.0
    transitivePeerDependencies:
      - supports-color
    dev: false

  /serve-static/1.2.3:
    resolution: {integrity: sha512-xaOEJYYnhmT2iVnDHcPullns+dFGC18BHseW1ZzkddtPWe4Ot/ZdifPFYk14r+tdWpVNWtXClRRENQ9ODd1Eeg==}
    engines: {node: '>= 0.8.0'}
    dependencies:
      escape-html: 1.0.1
      parseurl: 1.0.1
      send: 0.4.3
    transitivePeerDependencies:
      - supports-color
    dev: false

  /type-is/1.2.1:
    resolution: {integrity: sha512-6/sfH4bn0JhSRWTHv1dGhkfIyftWIkYPtpiNRM/G5/45RazNmI8WaeE76vBQOZNijVYkmmxqOTJiwBcRMlBbQw==}
    engines: {node: '>= 0.8'}
    dependencies:
      mime-types: 1.0.0
    dev: false

  /utils-merge/1.0.0:
    resolution: {integrity: sha512-HwU9SLQEtyo+0uoKXd1nkLqigUWLB+QuNQR4OcmB73eWqksM5ovuqcycks2x043W8XVb75rG1HQ0h93TMXkzQQ==}
    engines: {node: '>= 0.4.0'}
    dev: false

  /vary/0.1.0:
    resolution: {integrity: sha512-tyyeG46NQdwyVP/RsWLSrT78ouwEuvwk9gK8vQK4jdXmqoXtTXW+vsCfNcnqRhigF8olV34QVZarmAi6wBV2Mw==}
    engines: {node: '>= 0.8.0'}
    dev: false
